
Microsoft Visual Studio Solution File, Format Version 12.00
# Visual Studio Version 17
VisualStudioVersion = 17.3.32901.215
MinimumVisualStudioVersion = 10.0.40219.1
Project("{FAE04EC0-301F-11D3-BF4B-00C04F79EFBC}") = "Sign_PDF_with_LTV", "Sign_PDF_with_LTV\Sign_PDF_with_LTV.csproj", "{3B62164C-F1DB-4CF1-978A-A6A5A32254F9}"
EndProject
Global
	GlobalSection(SolutionConfigurationPlatforms) = preSolution
		Debug|Any CPU = Debug|Any CPU
		Release|Any CPU = Release|Any CPU
	EndGlobalSection
	GlobalSection(ProjectConfigurationPlatforms) = postSolution
		{3B62164C-F1DB-4CF1-978A-A6A5A32254F9}.Debug|Any CPU.ActiveCfg = Debug|Any CPU
		{3B62164C-F1DB-4CF1-978A-A6A5A32254F9}.Debug|Any CPU.Build.0 = Debug|Any CPU
		{3B62164C-F1DB-4CF1-978A-A6A5A32254F9}.Release|Any CPU.ActiveCfg = Release|Any CPU
		{3B62164C-F1DB-4CF1-978A-A6A5A32254F9}.Release|Any CPU.Build.0 = Release|Any CPU
	EndGlobalSection
	GlobalSection(SolutionProperties) = preSolution
		HideSolutionNode = FALSE
	EndGlobalSection
	GlobalSection(ExtensibilityGlobals) = postSolution
		SolutionGuid = {D3266241-B161-4365-AB9B-733DAA438734}
	EndGlobalSection
EndGlobal
