
Microsoft Visual Studio Solution File, Format Version 12.00
# Visual Studio Version 17
VisualStudioVersion = 17.4.32916.344
MinimumVisualStudioVersion = 10.0.40219.1
Project("{FAE04EC0-301F-11D3-BF4B-00C04F79EFBC}") = "PDF_digital_signature", "PDF_digital_signature\PDF_digital_signature.csproj", "{5F1958DB-AEB2-4661-BB65-CA8F62BBC706}"
EndProject
Global
	GlobalSection(SolutionConfigurationPlatforms) = preSolution
		Debug|Any CPU = Debug|Any CPU
		Release|Any CPU = Release|Any CPU
	EndGlobalSection
	GlobalSection(ProjectConfigurationPlatforms) = postSolution
		{5F1958DB-AEB2-4661-BB65-CA8F62BBC706}.Debug|Any CPU.ActiveCfg = Debug|Any CPU
		{5F1958DB-AEB2-4661-BB65-CA8F62BBC706}.Debug|Any CPU.Build.0 = Debug|Any CPU
		{5F1958DB-AEB2-4661-BB65-CA8F62BBC706}.Release|Any CPU.ActiveCfg = Release|Any CPU
		{5F1958DB-AEB2-4661-BB65-CA8F62BBC706}.Release|Any CPU.Build.0 = Release|Any CPU
	EndGlobalSection
	GlobalSection(SolutionProperties) = preSolution
		HideSolutionNode = FALSE
	EndGlobalSection
	GlobalSection(ExtensibilityGlobals) = postSolution
		SolutionGuid = {CE335217-8F81-442D-B2AA-E63799C9BEAC}
	EndGlobalSection
EndGlobal
