
Microsoft Visual Studio Solution File, Format Version 12.00
# Visual Studio Version 17
VisualStudioVersion = 17.3.32901.215
MinimumVisualStudioVersion = 10.0.40219.1
Project("{FAE04EC0-301F-11D3-BF4B-00C04F79EFBC}") = "Validate_PDF_digital_signature", "Validate_PDF_digital_signature\Validate_PDF_digital_signature.csproj", "{C9B21E9D-F646-4C72-AEB5-108A89245350}"
EndProject
Global
	GlobalSection(SolutionConfigurationPlatforms) = preSolution
		Debug|Any CPU = Debug|Any CPU
		Release|Any CPU = Release|Any CPU
	EndGlobalSection
	GlobalSection(ProjectConfigurationPlatforms) = postSolution
		{C9B21E9D-F646-4C72-AEB5-108A89245350}.Debug|Any CPU.ActiveCfg = Debug|Any CPU
		{C9B21E9D-F646-4C72-AEB5-108A89245350}.Debug|Any CPU.Build.0 = Debug|Any CPU
		{C9B21E9D-F646-4C72-AEB5-108A89245350}.Release|Any CPU.ActiveCfg = Release|Any CPU
		{C9B21E9D-F646-4C72-AEB5-108A89245350}.Release|Any CPU.Build.0 = Release|Any CPU
	EndGlobalSection
	GlobalSection(SolutionProperties) = preSolution
		HideSolutionNode = FALSE
	EndGlobalSection
	GlobalSection(ExtensibilityGlobals) = postSolution
		SolutionGuid = {7E64A790-48DC-41EC-9EB5-13FB0604128A}
	EndGlobalSection
EndGlobal
