
Microsoft Visual Studio Solution File, Format Version 12.00
# Visual Studio Version 17
VisualStudioVersion = 17.3.32901.215
MinimumVisualStudioVersion = 10.0.40219.1
Project("{FAE04EC0-301F-11D3-BF4B-00C04F79EFBC}") = "Retrieve_digital_signature_information", "Retrieve_digital_signature_information\Retrieve_digital_signature_information.csproj", "{9D0880F3-A0D9-4253-A296-B216DD7A9715}"
EndProject
Global
	GlobalSection(SolutionConfigurationPlatforms) = preSolution
		Debug|Any CPU = Debug|Any CPU
		Release|Any CPU = Release|Any CPU
	EndGlobalSection
	GlobalSection(ProjectConfigurationPlatforms) = postSolution
		{9D0880F3-A0D9-4253-A296-B216DD7A9715}.Debug|Any CPU.ActiveCfg = Debug|Any CPU
		{9D0880F3-A0D9-4253-A296-B216DD7A9715}.Debug|Any CPU.Build.0 = Debug|Any CPU
		{9D0880F3-A0D9-4253-A296-B216DD7A9715}.Release|Any CPU.ActiveCfg = Release|Any CPU
		{9D0880F3-A0D9-4253-A296-B216DD7A9715}.Release|Any CPU.Build.0 = Release|Any CPU
	EndGlobalSection
	GlobalSection(SolutionProperties) = preSolution
		HideSolutionNode = FALSE
	EndGlobalSection
	GlobalSection(ExtensibilityGlobals) = postSolution
		SolutionGuid = {65BB192D-9671-446D-8ECC-BCB4BE0F3979}
	EndGlobalSection
EndGlobal
