
Microsoft Visual Studio Solution File, Format Version 12.00
# Visual Studio Version 17
VisualStudioVersion = 17.4.32916.344
MinimumVisualStudioVersion = 10.0.40219.1
Project("{FAE04EC0-301F-11D3-BF4B-00C04F79EFBC}") = "Sign_PDF_Windows_Certificate", "Sign_PDF_Windows_Certificate\Sign_PDF_Windows_Certificate.csproj", "{F2AD5906-419A-4B36-B71D-FADE8D5765E2}"
EndProject
Global
	GlobalSection(SolutionConfigurationPlatforms) = preSolution
		Debug|Any CPU = Debug|Any CPU
		Release|Any CPU = Release|Any CPU
	EndGlobalSection
	GlobalSection(ProjectConfigurationPlatforms) = postSolution
		{F2AD5906-419A-4B36-B71D-FADE8D5765E2}.Debug|Any CPU.ActiveCfg = Debug|Any CPU
		{F2AD5906-419A-4B36-B71D-FADE8D5765E2}.Debug|Any CPU.Build.0 = Debug|Any CPU
		{F2AD5906-419A-4B36-B71D-FADE8D5765E2}.Release|Any CPU.ActiveCfg = Release|Any CPU
		{F2AD5906-419A-4B36-B71D-FADE8D5765E2}.Release|Any CPU.Build.0 = Release|Any CPU
	EndGlobalSection
	GlobalSection(SolutionProperties) = preSolution
		HideSolutionNode = FALSE
	EndGlobalSection
	GlobalSection(ExtensibilityGlobals) = postSolution
		SolutionGuid = {4C3C4209-F078-46A1-A5B5-9E807A5B4116}
	EndGlobalSection
EndGlobal
