
Microsoft Visual Studio Solution File, Format Version 12.00
# Visual Studio Version 17
VisualStudioVersion = 17.4.32916.344
MinimumVisualStudioVersion = 10.0.40219.1
Project("{FAE04EC0-301F-11D3-BF4B-00C04F79EFBC}") = "Change_PDF_digital_signature_appearance", "Change_PDF_digital_signature_appearance\Change_PDF_digital_signature_appearance.csproj", "{4EBEAE64-E991-4CC3-8ADB-8D31CBA28F9B}"
EndProject
Global
	GlobalSection(SolutionConfigurationPlatforms) = preSolution
		Debug|Any CPU = Debug|Any CPU
		Release|Any CPU = Release|Any CPU
	EndGlobalSection
	GlobalSection(ProjectConfigurationPlatforms) = postSolution
		{4EBEAE64-E991-4CC3-8ADB-8D31CBA28F9B}.Debug|Any CPU.ActiveCfg = Debug|Any CPU
		{4EBEAE64-E991-4CC3-8ADB-8D31CBA28F9B}.Debug|Any CPU.Build.0 = Debug|Any CPU
		{4EBEAE64-E991-4CC3-8ADB-8D31CBA28F9B}.Release|Any CPU.ActiveCfg = Release|Any CPU
		{4EBEAE64-E991-4CC3-8ADB-8D31CBA28F9B}.Release|Any CPU.Build.0 = Release|Any CPU
	EndGlobalSection
	GlobalSection(SolutionProperties) = preSolution
		HideSolutionNode = FALSE
	EndGlobalSection
	GlobalSection(ExtensibilityGlobals) = postSolution
		SolutionGuid = {3682947B-7054-42DD-B26C-1A0BC9AA5DB1}
	EndGlobalSection
EndGlobal
